
Microsoft Visual Studio Solution File, Format Version 12.00
# Visual Studio Version 16
VisualStudioVersion = 16.0.29306.81
MinimumVisualStudioVersion = 10.0.40219.1
Project("{FAE04EC0-301F-11D3-BF4B-00C04F79EFBC}") = "9.4.1", "9.4.1\9.4.1.csproj", "{A2179948-890E-4025-B34F-7588A9B30554}"
EndProject
Global
	GlobalSection(SolutionConfigurationPlatforms) = preSolution
		Debug|Any CPU = Debug|Any CPU
		Release|Any CPU = Release|Any CPU
	EndGlobalSection
	GlobalSection(ProjectConfigurationPlatforms) = postSolution
		{A2179948-890E-4025-B34F-7588A9B30554}.Debug|Any CPU.ActiveCfg = Debug|Any CPU
		{A2179948-890E-4025-B34F-7588A9B30554}.Debug|Any CPU.Build.0 = Debug|Any CPU
		{A2179948-890E-4025-B34F-7588A9B30554}.Release|Any CPU.ActiveCfg = Release|Any CPU
		{A2179948-890E-4025-B34F-7588A9B30554}.Release|Any CPU.Build.0 = Release|Any CPU
	EndGlobalSection
	GlobalSection(SolutionProperties) = preSolution
		HideSolutionNode = FALSE
	EndGlobalSection
	GlobalSection(ExtensibilityGlobals) = postSolution
		SolutionGuid = {DD9273AF-3AC9-45C2-9A20-07DC1D6C3E0E}
	EndGlobalSection
EndGlobal
